
Microsoft Visual Studio Solution File, Format Version 12.00
# Visual Studio Version 17
VisualStudioVersion = 17.14.36915.13
MinimumVisualStudioVersion = 10.0.40219.1
Project("{FAE04EC0-301F-11D3-BF4B-00C04F79EFBC}") = "StargazingApp", "StargazingApp\StargazingApp.csproj", "{ECEB2729-256F-41BA-8677-8B75A644BA2D}"
EndProject
Project("{FAE04EC0-301F-11D3-BF4B-00C04F79EFBC}") = "StargazingApp.Test", "StargazingApp.Test\StargazingApp.Test.csproj", "{2EA6E299-036C-47C7-85C5-51D85F10B5EA}"
EndProject
Global
	GlobalSection(SolutionConfigurationPlatforms) = preSolution
		Debug|Any CPU = Debug|Any CPU
		Release|Any CPU = Release|Any CPU
	EndGlobalSection
	GlobalSection(ProjectConfigurationPlatforms) = postSolution
		{ECEB2729-256F-41BA-8677-8B75A644BA2D}.Debug|Any CPU.ActiveCfg = Debug|Any CPU
		{ECEB2729-256F-41BA-8677-8B75A644BA2D}.Debug|Any CPU.Build.0 = Debug|Any CPU
		{ECEB2729-256F-41BA-8677-8B75A644BA2D}.Release|Any CPU.ActiveCfg = Release|Any CPU
		{ECEB2729-256F-41BA-8677-8B75A644BA2D}.Release|Any CPU.Build.0 = Release|Any CPU
		{2EA6E299-036C-47C7-85C5-51D85F10B5EA}.Debug|Any CPU.ActiveCfg = Debug|Any CPU
		{2EA6E299-036C-47C7-85C5-51D85F10B5EA}.Debug|Any CPU.Build.0 = Debug|Any CPU
		{2EA6E299-036C-47C7-85C5-51D85F10B5EA}.Release|Any CPU.ActiveCfg = Release|Any CPU
		{2EA6E299-036C-47C7-85C5-51D85F10B5EA}.Release|Any CPU.Build.0 = Release|Any CPU
	EndGlobalSection
	GlobalSection(SolutionProperties) = preSolution
		HideSolutionNode = FALSE
	EndGlobalSection
	GlobalSection(ExtensibilityGlobals) = postSolution
		SolutionGuid = {FB85DD25-5C38-4BA9-90C1-6A23C7A87359}
	EndGlobalSection
EndGlobal
